
Microsoft Visual Studio Solution File, Format Version 12.00
# Visual Studio Version 16
VisualStudioVersion = 16.0.28803.352
MinimumVisualStudioVersion = 10.0.40219.1
Project("{2150E333-8FDC-42A3-9474-1A3956D46DE8}") = "Solution Items", "Solution Items", "{2755ECCE-1A1D-4B68-B5E6-C3ABB3A150F0}"
	ProjectSection(SolutionItems) = preProject
		XMLSchema1.xsd = XMLSchema1.xsd
	EndProjectSection
EndProject
Project("{FAE04EC0-301F-11D3-BF4B-00C04F79EFBC}") = "ShallowCopyDeepCopy", "ShallowCopyDeepCopy\ShallowCopyDeepCopy.csproj", "{89709C0D-34F1-4923-A5DF-4DCF5CD4504C}"
EndProject
Project("{9A19103F-16F7-4668-BE54-9A1E7A4F7556}") = "RefAndout参数", "RefAndout参数\RefAndout参数.csproj", "{E879A857-8DDB-4812-9482-BF3485ACEB5E}"
EndProject
Project("{9A19103F-16F7-4668-BE54-9A1E7A4F7556}") = "BenchmarkDotnet（测试代码性能）", "BenchmarkDotnet（测试代码性能）\BenchmarkDotnet（测试代码性能）.csproj", "{420D4D28-957A-4004-B9A4-F9EC68503004}"
EndProject
Project("{9A19103F-16F7-4668-BE54-9A1E7A4F7556}") = "HelperUnity", "HelperUnity\HelperUnity.csproj", "{056ED086-FC94-4F85-9AA2-981A53BD84AA}"
EndProject
Project("{9A19103F-16F7-4668-BE54-9A1E7A4F7556}") = "字符串不可变性和驻留机制", "字符串不可变性和驻留机制\字符串不可变性和驻留机制.csproj", "{4E11B518-B8E0-4CB0-9146-9A29F25703C9}"
EndProject
Project("{9A19103F-16F7-4668-BE54-9A1E7A4F7556}") = "Test", "Test\Test.csproj", "{07BAF160-E456-40C1-BF60-DC02D5F7455E}"
EndProject
Project("{9A19103F-16F7-4668-BE54-9A1E7A4F7556}") = "Generics", "Generics\Generics.csproj", "{66FC1EF0-7D83-4B29-971E-0DC34C1D3F04}"
EndProject
Project("{9A19103F-16F7-4668-BE54-9A1E7A4F7556}") = "Array数组", "Array数组\Array数组.csproj", "{3722C091-72EE-46D2-8381-D2D5CF031DE0}"
EndProject
Project("{9A19103F-16F7-4668-BE54-9A1E7A4F7556}") = "DeletegateExample", "DeletegateExample\DeletegateExample.csproj", "{B42956F0-E5C5-447B-8DB8-04E202BA71D1}"
EndProject
Project("{9A19103F-16F7-4668-BE54-9A1E7A4F7556}") = "SpecialGenerics", "SpecialGenerics\SpecialGenerics.csproj", "{E2A328A6-5855-41E1-ACBA-F264AFF8DABD}"
EndProject
Project("{9A19103F-16F7-4668-BE54-9A1E7A4F7556}") = "Concurrent", "Concurrent\Concurrent.csproj", "{5BBBB9BE-70C0-4E23-9F2F-619D7BDBC931}"
EndProject
Project("{9A19103F-16F7-4668-BE54-9A1E7A4F7556}") = "Linq", "Linq\Linq.csproj", "{82FBD32A-4AFE-48A6-B868-644E9DF87714}"
EndProject
Project("{9A19103F-16F7-4668-BE54-9A1E7A4F7556}") = "ParallelLinqSample", "ParallelLinqSample\ParallelLinqSample.csproj", "{FC38E32D-CBAB-41D9-8E65-E6A6E9F35552}"
EndProject
Project("{9A19103F-16F7-4668-BE54-9A1E7A4F7556}") = "ExpressionTreeSample", "ExpressionTreeSample\ExpressionTreeSample.csproj", "{3E97197D-59C7-4CD5-BF96-9D6C8B96905E}"
EndProject
Project("{9A19103F-16F7-4668-BE54-9A1E7A4F7556}") = "TestException", "TestException\TestException.csproj", "{A990C00F-8D88-4682-AAB7-E94B4023FC7B}"
EndProject
Project("{9A19103F-16F7-4668-BE54-9A1E7A4F7556}") = "Foundations", "Foundations\Foundations.csproj", "{00A26004-8544-46B9-972D-4317FF43E05C}"
EndProject
Project("{9A19103F-16F7-4668-BE54-9A1E7A4F7556}") = "TestReflection", "TestReflection\TestReflection.csproj", "{E71D0C14-C57D-4492-ABBE-452C113D7DE8}"
EndProject
Project("{9A19103F-16F7-4668-BE54-9A1E7A4F7556}") = "ReflectionSample", "ReflectionSample\ReflectionSample.csproj", "{78F0E16C-6AA9-43D8-9B12-E0EB4103C1D7}"
EndProject
Project("{FAE04EC0-301F-11D3-BF4B-00C04F79EFBC}") = "TestCore3.0", "TestCore3.0\TestCore3.0.csproj", "{234162A8-C005-4506-949C-7F3ED529B613}"
EndProject
Global
	GlobalSection(SolutionConfigurationPlatforms) = preSolution
		Debug|Any CPU = Debug|Any CPU
		Release|Any CPU = Release|Any CPU
	EndGlobalSection
	GlobalSection(ProjectConfigurationPlatforms) = postSolution
		{89709C0D-34F1-4923-A5DF-4DCF5CD4504C}.Debug|Any CPU.ActiveCfg = Debug|Any CPU
		{89709C0D-34F1-4923-A5DF-4DCF5CD4504C}.Debug|Any CPU.Build.0 = Debug|Any CPU
		{89709C0D-34F1-4923-A5DF-4DCF5CD4504C}.Release|Any CPU.ActiveCfg = Release|Any CPU
		{89709C0D-34F1-4923-A5DF-4DCF5CD4504C}.Release|Any CPU.Build.0 = Release|Any CPU
		{E879A857-8DDB-4812-9482-BF3485ACEB5E}.Debug|Any CPU.ActiveCfg = Debug|Any CPU
		{E879A857-8DDB-4812-9482-BF3485ACEB5E}.Debug|Any CPU.Build.0 = Debug|Any CPU
		{E879A857-8DDB-4812-9482-BF3485ACEB5E}.Release|Any CPU.ActiveCfg = Release|Any CPU
		{E879A857-8DDB-4812-9482-BF3485ACEB5E}.Release|Any CPU.Build.0 = Release|Any CPU
		{420D4D28-957A-4004-B9A4-F9EC68503004}.Debug|Any CPU.ActiveCfg = Debug|Any CPU
		{420D4D28-957A-4004-B9A4-F9EC68503004}.Debug|Any CPU.Build.0 = Debug|Any CPU
		{420D4D28-957A-4004-B9A4-F9EC68503004}.Release|Any CPU.ActiveCfg = Release|Any CPU
		{420D4D28-957A-4004-B9A4-F9EC68503004}.Release|Any CPU.Build.0 = Release|Any CPU
		{056ED086-FC94-4F85-9AA2-981A53BD84AA}.Debug|Any CPU.ActiveCfg = Debug|Any CPU
		{056ED086-FC94-4F85-9AA2-981A53BD84AA}.Debug|Any CPU.Build.0 = Debug|Any CPU
		{056ED086-FC94-4F85-9AA2-981A53BD84AA}.Release|Any CPU.ActiveCfg = Release|Any CPU
		{056ED086-FC94-4F85-9AA2-981A53BD84AA}.Release|Any CPU.Build.0 = Release|Any CPU
		{4E11B518-B8E0-4CB0-9146-9A29F25703C9}.Debug|Any CPU.ActiveCfg = Debug|Any CPU
		{4E11B518-B8E0-4CB0-9146-9A29F25703C9}.Debug|Any CPU.Build.0 = Debug|Any CPU
		{4E11B518-B8E0-4CB0-9146-9A29F25703C9}.Release|Any CPU.ActiveCfg = Release|Any CPU
		{4E11B518-B8E0-4CB0-9146-9A29F25703C9}.Release|Any CPU.Build.0 = Release|Any CPU
		{07BAF160-E456-40C1-BF60-DC02D5F7455E}.Debug|Any CPU.ActiveCfg = Debug|Any CPU
		{07BAF160-E456-40C1-BF60-DC02D5F7455E}.Debug|Any CPU.Build.0 = Debug|Any CPU
		{07BAF160-E456-40C1-BF60-DC02D5F7455E}.Release|Any CPU.ActiveCfg = Release|Any CPU
		{07BAF160-E456-40C1-BF60-DC02D5F7455E}.Release|Any CPU.Build.0 = Release|Any CPU
		{66FC1EF0-7D83-4B29-971E-0DC34C1D3F04}.Debug|Any CPU.ActiveCfg = Debug|Any CPU
		{66FC1EF0-7D83-4B29-971E-0DC34C1D3F04}.Debug|Any CPU.Build.0 = Debug|Any CPU
		{66FC1EF0-7D83-4B29-971E-0DC34C1D3F04}.Release|Any CPU.ActiveCfg = Release|Any CPU
		{66FC1EF0-7D83-4B29-971E-0DC34C1D3F04}.Release|Any CPU.Build.0 = Release|Any CPU
		{3722C091-72EE-46D2-8381-D2D5CF031DE0}.Debug|Any CPU.ActiveCfg = Debug|Any CPU
		{3722C091-72EE-46D2-8381-D2D5CF031DE0}.Debug|Any CPU.Build.0 = Debug|Any CPU
		{3722C091-72EE-46D2-8381-D2D5CF031DE0}.Release|Any CPU.ActiveCfg = Release|Any CPU
		{3722C091-72EE-46D2-8381-D2D5CF031DE0}.Release|Any CPU.Build.0 = Release|Any CPU
		{B42956F0-E5C5-447B-8DB8-04E202BA71D1}.Debug|Any CPU.ActiveCfg = Debug|Any CPU
		{B42956F0-E5C5-447B-8DB8-04E202BA71D1}.Debug|Any CPU.Build.0 = Debug|Any CPU
		{B42956F0-E5C5-447B-8DB8-04E202BA71D1}.Release|Any CPU.ActiveCfg = Release|Any CPU
		{B42956F0-E5C5-447B-8DB8-04E202BA71D1}.Release|Any CPU.Build.0 = Release|Any CPU
		{E2A328A6-5855-41E1-ACBA-F264AFF8DABD}.Debug|Any CPU.ActiveCfg = Debug|Any CPU
		{E2A328A6-5855-41E1-ACBA-F264AFF8DABD}.Debug|Any CPU.Build.0 = Debug|Any CPU
		{E2A328A6-5855-41E1-ACBA-F264AFF8DABD}.Release|Any CPU.ActiveCfg = Release|Any CPU
		{E2A328A6-5855-41E1-ACBA-F264AFF8DABD}.Release|Any CPU.Build.0 = Release|Any CPU
		{5BBBB9BE-70C0-4E23-9F2F-619D7BDBC931}.Debug|Any CPU.ActiveCfg = Debug|Any CPU
		{5BBBB9BE-70C0-4E23-9F2F-619D7BDBC931}.Debug|Any CPU.Build.0 = Debug|Any CPU
		{5BBBB9BE-70C0-4E23-9F2F-619D7BDBC931}.Release|Any CPU.ActiveCfg = Release|Any CPU
		{5BBBB9BE-70C0-4E23-9F2F-619D7BDBC931}.Release|Any CPU.Build.0 = Release|Any CPU
		{82FBD32A-4AFE-48A6-B868-644E9DF87714}.Debug|Any CPU.ActiveCfg = Debug|Any CPU
		{82FBD32A-4AFE-48A6-B868-644E9DF87714}.Debug|Any CPU.Build.0 = Debug|Any CPU
		{82FBD32A-4AFE-48A6-B868-644E9DF87714}.Release|Any CPU.ActiveCfg = Release|Any CPU
		{82FBD32A-4AFE-48A6-B868-644E9DF87714}.Release|Any CPU.Build.0 = Release|Any CPU
		{FC38E32D-CBAB-41D9-8E65-E6A6E9F35552}.Debug|Any CPU.ActiveCfg = Debug|Any CPU
		{FC38E32D-CBAB-41D9-8E65-E6A6E9F35552}.Debug|Any CPU.Build.0 = Debug|Any CPU
		{FC38E32D-CBAB-41D9-8E65-E6A6E9F35552}.Release|Any CPU.ActiveCfg = Release|Any CPU
		{FC38E32D-CBAB-41D9-8E65-E6A6E9F35552}.Release|Any CPU.Build.0 = Release|Any CPU
		{3E97197D-59C7-4CD5-BF96-9D6C8B96905E}.Debug|Any CPU.ActiveCfg = Debug|Any CPU
		{3E97197D-59C7-4CD5-BF96-9D6C8B96905E}.Debug|Any CPU.Build.0 = Debug|Any CPU
		{3E97197D-59C7-4CD5-BF96-9D6C8B96905E}.Release|Any CPU.ActiveCfg = Release|Any CPU
		{3E97197D-59C7-4CD5-BF96-9D6C8B96905E}.Release|Any CPU.Build.0 = Release|Any CPU
		{A990C00F-8D88-4682-AAB7-E94B4023FC7B}.Debug|Any CPU.ActiveCfg = Debug|Any CPU
		{A990C00F-8D88-4682-AAB7-E94B4023FC7B}.Debug|Any CPU.Build.0 = Debug|Any CPU
		{A990C00F-8D88-4682-AAB7-E94B4023FC7B}.Release|Any CPU.ActiveCfg = Release|Any CPU
		{A990C00F-8D88-4682-AAB7-E94B4023FC7B}.Release|Any CPU.Build.0 = Release|Any CPU
		{00A26004-8544-46B9-972D-4317FF43E05C}.Debug|Any CPU.ActiveCfg = Debug|Any CPU
		{00A26004-8544-46B9-972D-4317FF43E05C}.Debug|Any CPU.Build.0 = Debug|Any CPU
		{00A26004-8544-46B9-972D-4317FF43E05C}.Release|Any CPU.ActiveCfg = Release|Any CPU
		{00A26004-8544-46B9-972D-4317FF43E05C}.Release|Any CPU.Build.0 = Release|Any CPU
		{E71D0C14-C57D-4492-ABBE-452C113D7DE8}.Debug|Any CPU.ActiveCfg = Debug|Any CPU
		{E71D0C14-C57D-4492-ABBE-452C113D7DE8}.Debug|Any CPU.Build.0 = Debug|Any CPU
		{E71D0C14-C57D-4492-ABBE-452C113D7DE8}.Release|Any CPU.ActiveCfg = Release|Any CPU
		{E71D0C14-C57D-4492-ABBE-452C113D7DE8}.Release|Any CPU.Build.0 = Release|Any CPU
		{78F0E16C-6AA9-43D8-9B12-E0EB4103C1D7}.Debug|Any CPU.ActiveCfg = Debug|Any CPU
		{78F0E16C-6AA9-43D8-9B12-E0EB4103C1D7}.Debug|Any CPU.Build.0 = Debug|Any CPU
		{78F0E16C-6AA9-43D8-9B12-E0EB4103C1D7}.Release|Any CPU.ActiveCfg = Release|Any CPU
		{78F0E16C-6AA9-43D8-9B12-E0EB4103C1D7}.Release|Any CPU.Build.0 = Release|Any CPU
		{234162A8-C005-4506-949C-7F3ED529B613}.Debug|Any CPU.ActiveCfg = Debug|Any CPU
		{234162A8-C005-4506-949C-7F3ED529B613}.Debug|Any CPU.Build.0 = Debug|Any CPU
		{234162A8-C005-4506-949C-7F3ED529B613}.Release|Any CPU.ActiveCfg = Release|Any CPU
		{234162A8-C005-4506-949C-7F3ED529B613}.Release|Any CPU.Build.0 = Release|Any CPU
	EndGlobalSection
	GlobalSection(SolutionProperties) = preSolution
		HideSolutionNode = FALSE
	EndGlobalSection
	GlobalSection(ExtensibilityGlobals) = postSolution
		SolutionGuid = {2DCC6224-0084-4310-80F5-E974074C34DB}
	EndGlobalSection
EndGlobal
